
Microsoft Visual Studio Solution File, Format Version 12.00
# Visual Studio Version 16
VisualStudioVersion = 16.0.31424.327
MinimumVisualStudioVersion = 10.0.40219.1
Project("{FAE04EC0-301F-11D3-BF4B-00C04F79EFBC}") = "4. First steps in programing Exercise", "4. First steps in programing Exercise\4. First steps in programing Exercise.csproj", "{DDA8CFD7-F605-4490-9BA5-B37AB633EAD9}"
EndProject
Project("{FAE04EC0-301F-11D3-BF4B-00C04F79EFBC}") = "02. Radians to Degrees", "02. Radians to Degrees\02. Radians to Degrees.csproj", "{096B5425-D5A8-4D30-9847-B8A215CCC9A0}"
EndProject
Project("{FAE04EC0-301F-11D3-BF4B-00C04F79EFBC}") = "03. Deposit Calculator", "03. Deposit Calculator\03. Deposit Calculator.csproj", "{6EF1FB00-57F0-46AD-A8AD-D091D3EAEAE5}"
EndProject
Project("{FAE04EC0-301F-11D3-BF4B-00C04F79EFBC}") = "04. Vacation Books List", "04. Vacation Books List\04. Vacation Books List.csproj", "{A746D5E3-E48D-40A2-A50A-CCA8CC2EDA2A}"
EndProject
Project("{FAE04EC0-301F-11D3-BF4B-00C04F79EFBC}") = "05. Supplies for School", "05. Supplies for School\05. Supplies for School.csproj", "{468AE5C9-9284-40B2-9C46-A12B880632A4}"
EndProject
Project("{FAE04EC0-301F-11D3-BF4B-00C04F79EFBC}") = "06. Repainting", "06. Repainting\06. Repainting.csproj", "{4C030B37-DB63-4AD2-9551-F5028E5824E5}"
EndProject
Project("{FAE04EC0-301F-11D3-BF4B-00C04F79EFBC}") = "07. Food Delivery", "07. Food Delivery\07. Food Delivery.csproj", "{73EC9663-1AB6-485B-B85E-8E6F94186A1D}"
EndProject
Project("{FAE04EC0-301F-11D3-BF4B-00C04F79EFBC}") = "08. Basketball Equipment", "08. Basketball Equipment\08. Basketball Equipment.csproj", "{DAF5DE2B-ACBB-4573-A135-C7847E57E751}"
EndProject
Project("{FAE04EC0-301F-11D3-BF4B-00C04F79EFBC}") = "09. Fish Tank", "09. Fish Tank\09. Fish Tank.csproj", "{4AECF708-2DFA-4DDA-A734-B70086B88B96}"
EndProject
Global
	GlobalSection(SolutionConfigurationPlatforms) = preSolution
		Debug|Any CPU = Debug|Any CPU
		Release|Any CPU = Release|Any CPU
	EndGlobalSection
	GlobalSection(ProjectConfigurationPlatforms) = postSolution
		{DDA8CFD7-F605-4490-9BA5-B37AB633EAD9}.Debug|Any CPU.ActiveCfg = Debug|Any CPU
		{DDA8CFD7-F605-4490-9BA5-B37AB633EAD9}.Debug|Any CPU.Build.0 = Debug|Any CPU
		{DDA8CFD7-F605-4490-9BA5-B37AB633EAD9}.Release|Any CPU.ActiveCfg = Release|Any CPU
		{DDA8CFD7-F605-4490-9BA5-B37AB633EAD9}.Release|Any CPU.Build.0 = Release|Any CPU
		{096B5425-D5A8-4D30-9847-B8A215CCC9A0}.Debug|Any CPU.ActiveCfg = Debug|Any CPU
		{096B5425-D5A8-4D30-9847-B8A215CCC9A0}.Debug|Any CPU.Build.0 = Debug|Any CPU
		{096B5425-D5A8-4D30-9847-B8A215CCC9A0}.Release|Any CPU.ActiveCfg = Release|Any CPU
		{096B5425-D5A8-4D30-9847-B8A215CCC9A0}.Release|Any CPU.Build.0 = Release|Any CPU
		{6EF1FB00-57F0-46AD-A8AD-D091D3EAEAE5}.Debug|Any CPU.ActiveCfg = Debug|Any CPU
		{6EF1FB00-57F0-46AD-A8AD-D091D3EAEAE5}.Debug|Any CPU.Build.0 = Debug|Any CPU
		{6EF1FB00-57F0-46AD-A8AD-D091D3EAEAE5}.Release|Any CPU.ActiveCfg = Release|Any CPU
		{6EF1FB00-57F0-46AD-A8AD-D091D3EAEAE5}.Release|Any CPU.Build.0 = Release|Any CPU
		{A746D5E3-E48D-40A2-A50A-CCA8CC2EDA2A}.Debug|Any CPU.ActiveCfg = Debug|Any CPU
		{A746D5E3-E48D-40A2-A50A-CCA8CC2EDA2A}.Debug|Any CPU.Build.0 = Debug|Any CPU
		{A746D5E3-E48D-40A2-A50A-CCA8CC2EDA2A}.Release|Any CPU.ActiveCfg = Release|Any CPU
		{A746D5E3-E48D-40A2-A50A-CCA8CC2EDA2A}.Release|Any CPU.Build.0 = Release|Any CPU
		{468AE5C9-9284-40B2-9C46-A12B880632A4}.Debug|Any CPU.ActiveCfg = Debug|Any CPU
		{468AE5C9-9284-40B2-9C46-A12B880632A4}.Debug|Any CPU.Build.0 = Debug|Any CPU
		{468AE5C9-9284-40B2-9C46-A12B880632A4}.Release|Any CPU.ActiveCfg = Release|Any CPU
		{468AE5C9-9284-40B2-9C46-A12B880632A4}.Release|Any CPU.Build.0 = Release|Any CPU
		{4C030B37-DB63-4AD2-9551-F5028E5824E5}.Debug|Any CPU.ActiveCfg = Debug|Any CPU
		{4C030B37-DB63-4AD2-9551-F5028E5824E5}.Debug|Any CPU.Build.0 = Debug|Any CPU
		{4C030B37-DB63-4AD2-9551-F5028E5824E5}.Release|Any CPU.ActiveCfg = Release|Any CPU
		{4C030B37-DB63-4AD2-9551-F5028E5824E5}.Release|Any CPU.Build.0 = Release|Any CPU
		{73EC9663-1AB6-485B-B85E-8E6F94186A1D}.Debug|Any CPU.ActiveCfg = Debug|Any CPU
		{73EC9663-1AB6-485B-B85E-8E6F94186A1D}.Debug|Any CPU.Build.0 = Debug|Any CPU
		{73EC9663-1AB6-485B-B85E-8E6F94186A1D}.Release|Any CPU.ActiveCfg = Release|Any CPU
		{73EC9663-1AB6-485B-B85E-8E6F94186A1D}.Release|Any CPU.Build.0 = Release|Any CPU
		{DAF5DE2B-ACBB-4573-A135-C7847E57E751}.Debug|Any CPU.ActiveCfg = Debug|Any CPU
		{DAF5DE2B-ACBB-4573-A135-C7847E57E751}.Debug|Any CPU.Build.0 = Debug|Any CPU
		{DAF5DE2B-ACBB-4573-A135-C7847E57E751}.Release|Any CPU.ActiveCfg = Release|Any CPU
		{DAF5DE2B-ACBB-4573-A135-C7847E57E751}.Release|Any CPU.Build.0 = Release|Any CPU
		{4AECF708-2DFA-4DDA-A734-B70086B88B96}.Debug|Any CPU.ActiveCfg = Debug|Any CPU
		{4AECF708-2DFA-4DDA-A734-B70086B88B96}.Debug|Any CPU.Build.0 = Debug|Any CPU
		{4AECF708-2DFA-4DDA-A734-B70086B88B96}.Release|Any CPU.ActiveCfg = Release|Any CPU
		{4AECF708-2DFA-4DDA-A734-B70086B88B96}.Release|Any CPU.Build.0 = Release|Any CPU
	EndGlobalSection
	GlobalSection(SolutionProperties) = preSolution
		HideSolutionNode = FALSE
	EndGlobalSection
	GlobalSection(ExtensibilityGlobals) = postSolution
		SolutionGuid = {124FDC37-FA71-4EDC-B651-82283F662BCF}
	EndGlobalSection
EndGlobal
